
Microsoft Visual Studio Solution File, Format Version 12.00
# Visual Studio Version 16
VisualStudioVersion = 16.0.30503.244
MinimumVisualStudioVersion = 10.0.40219.1
Project("{FAE04EC0-301F-11D3-BF4B-00C04F79EFBC}") = "rocket-api", "rocket-api\rocket-api.csproj", "{EE8D2745-4AF3-4CA7-8EAA-F5458CBCCE04}"
EndProject
Global
	GlobalSection(SolutionConfigurationPlatforms) = preSolution
		Debug|Any CPU = Debug|Any CPU
		Release|Any CPU = Release|Any CPU
	EndGlobalSection
	GlobalSection(ProjectConfigurationPlatforms) = postSolution
		{EE8D2745-4AF3-4CA7-8EAA-F5458CBCCE04}.Debug|Any CPU.ActiveCfg = Debug|Any CPU
		{EE8D2745-4AF3-4CA7-8EAA-F5458CBCCE04}.Debug|Any CPU.Build.0 = Debug|Any CPU
		{EE8D2745-4AF3-4CA7-8EAA-F5458CBCCE04}.Release|Any CPU.ActiveCfg = Release|Any CPU
		{EE8D2745-4AF3-4CA7-8EAA-F5458CBCCE04}.Release|Any CPU.Build.0 = Release|Any CPU
	EndGlobalSection
	GlobalSection(SolutionProperties) = preSolution
		HideSolutionNode = FALSE
	EndGlobalSection
	GlobalSection(ExtensibilityGlobals) = postSolution
		SolutionGuid = {F49CE8E4-E107-4BAD-875A-33D388704A75}
	EndGlobalSection
EndGlobal
